
Microsoft Visual Studio Solution File, Format Version 12.00
# Visual Studio Version 16
VisualStudioVersion = 16.0.31112.23
MinimumVisualStudioVersion = 10.0.40219.1
Project("{FAE04EC0-301F-11D3-BF4B-00C04F79EFBC}") = "Exercise6", "Exercise6\Exercise6.csproj", "{5623956E-6272-41AC-9BBC-21C65864512E}"
EndProject
Project("{FAE04EC0-301F-11D3-BF4B-00C04F79EFBC}") = "Exercise6.Tests", "Exercise6.Tests\Exercise6.Tests.csproj", "{063BDF4C-3BCC-46C6-BFF2-CB56C5F33771}"
EndProject
Global
	GlobalSection(SolutionConfigurationPlatforms) = preSolution
		Debug|Any CPU = Debug|Any CPU
		Release|Any CPU = Release|Any CPU
	EndGlobalSection
	GlobalSection(ProjectConfigurationPlatforms) = postSolution
		{5623956E-6272-41AC-9BBC-21C65864512E}.Debug|Any CPU.ActiveCfg = Debug|Any CPU
		{5623956E-6272-41AC-9BBC-21C65864512E}.Debug|Any CPU.Build.0 = Debug|Any CPU
		{5623956E-6272-41AC-9BBC-21C65864512E}.Release|Any CPU.ActiveCfg = Release|Any CPU
		{5623956E-6272-41AC-9BBC-21C65864512E}.Release|Any CPU.Build.0 = Release|Any CPU
		{063BDF4C-3BCC-46C6-BFF2-CB56C5F33771}.Debug|Any CPU.ActiveCfg = Debug|Any CPU
		{063BDF4C-3BCC-46C6-BFF2-CB56C5F33771}.Debug|Any CPU.Build.0 = Debug|Any CPU
		{063BDF4C-3BCC-46C6-BFF2-CB56C5F33771}.Release|Any CPU.ActiveCfg = Release|Any CPU
		{063BDF4C-3BCC-46C6-BFF2-CB56C5F33771}.Release|Any CPU.Build.0 = Release|Any CPU
	EndGlobalSection
	GlobalSection(SolutionProperties) = preSolution
		HideSolutionNode = FALSE
	EndGlobalSection
	GlobalSection(ExtensibilityGlobals) = postSolution
		SolutionGuid = {C85D564D-27B9-491C-89D8-11526DD57DF1}
	EndGlobalSection
EndGlobal
